// !$*UTF8*$!
{
	archiveVersion = 1;
	classes = {
	};
	objectVersion = 56;
	objects = {

/* Begin PBXBuildFile section */
		04AFC80B2AFDB849004883BD /* W9_PraktikumApp.swift in Sources */ = {isa = PBXBuildFile; fileRef = 04AFC80A2AFDB849004883BD /* W9_PraktikumApp.swift */; };
		04AFC80D2AFDB849004883BD /* ContentView.swift in Sources */ = {isa = PBXBuildFile; fileRef = 04AFC80C2AFDB849004883BD /* ContentView.swift */; };
		04AFC80F2AFDB84B004883BD /* Assets.xcassets in Resources */ = {isa = PBXBuildFile; fileRef = 04AFC80E2AFDB84B004883BD /* Assets.xcassets */; };
		04AFC8122AFDB84B004883BD /* Preview Assets.xcassets in Resources */ = {isa = PBXBuildFile; fileRef = 04AFC8112AFDB84B004883BD /* Preview Assets.xcassets */; };
		04AFC81C2AFDB84B004883BD /* W9_PraktikumTests.swift in Sources */ = {isa = PBXBuildFile; fileRef = 04AFC81B2AFDB84B004883BD /* W9_PraktikumTests.swift */; };
		04AFC8262AFDB84B004883BD /* W9_PraktikumUITests.swift in Sources */ = {isa = PBXBuildFile; fileRef = 04AFC8252AFDB84B004883BD /* W9_PraktikumUITests.swift */; };
		04AFC8282AFDB84B004883BD /* W9_PraktikumUITestsLaunchTests.swift in Sources */ = {isa = PBXBuildFile; fileRef = 04AFC8272AFDB84B004883BD /* W9_PraktikumUITestsLaunchTests.swift */; };
		04AFC8392AFDBEA1004883BD /* MTGCard.swift in Sources */ = {isa = PBXBuildFile; fileRef = 04AFC8382AFDBEA1004883BD /* MTGCard.swift */; };
		04AFC83B2AFDBF1C004883BD /* WOT-Scryfall.json in Resources */ = {isa = PBXBuildFile; fileRef = 04AFC83A2AFDBF1C004883BD /* WOT-Scryfall.json */; };
/* End PBXBuildFile section */

/* Begin PBXContainerItemProxy section */
		04AFC8182AFDB84B004883BD /* PBXContainerItemProxy */ = {
			isa = PBXContainerItemProxy;
			containerPortal = 04AFC7FF2AFDB849004883BD /* Project object */;
			proxyType = 1;
			remoteGlobalIDString = 04AFC8062AFDB849004883BD;
			remoteInfo = "W9-Praktikum";
		};
		04AFC8222AFDB84B004883BD /* PBXContainerItemProxy */ = {
			isa = PBXContainerItemProxy;
			containerPortal = 04AFC7FF2AFDB849004883BD /* Project object */;
			proxyType = 1;
			remoteGlobalIDString = 04AFC8062AFDB849004883BD;
			remoteInfo = "W9-Praktikum";
		};
/* End PBXContainerItemProxy section */

/* Begin PBXFileReference section */
		04AFC8072AFDB849004883BD /* W9-Praktikum.app */ = {isa = PBXFileReference; explicitFileType = wrapper.application; includeInIndex = 0; path = "W9-Praktikum.app"; sourceTree = BUILT_PRODUCTS_DIR; };
		04AFC80A2AFDB849004883BD /* W9_PraktikumApp.swift */ = {isa = PBXFileReference; lastKnownFileType = sourcecode.swift; path = W9_PraktikumApp.swift; sourceTree = "<group>"; };
		04AFC80C2AFDB849004883BD /* ContentView.swift */ = {isa = PBXFileReference; lastKnownFileType = sourcecode.swift; path = ContentView.swift; sourceTree = "<group>"; };
		04AFC80E2AFDB84B004883BD /* Assets.xcassets */ = {isa = PBXFileReference; lastKnownFileType = folder.assetcatalog; path = Assets.xcassets; sourceTree = "<group>"; };
		04AFC8112AFDB84B004883BD /* Preview Assets.xcassets */ = {isa = PBXFileReference; lastKnownFileType = folder.assetcatalog; path = "Preview Assets.xcassets"; sourceTree = "<group>"; };
		04AFC8172AFDB84B004883BD /* W9-PraktikumTests.xctest */ = {isa = PBXFileReference; explicitFileType = wrapper.cfbundle; includeInIndex = 0; path = "W9-PraktikumTests.xctest"; sourceTree = BUILT_PRODUCTS_DIR; };
		04AFC81B2AFDB84B004883BD /* W9_PraktikumTests.swift */ = {isa = PBXFileReference; lastKnownFileType = sourcecode.swift; path = W9_PraktikumTests.swift; sourceTree = "<group>"; };
		04AFC8212AFDB84B004883BD /* W9-PraktikumUITests.xctest */ = {isa = PBXFileReference; explicitFileType = wrapper.cfbundle; includeInIndex = 0; path = "W9-PraktikumUITests.xctest"; sourceTree = BUILT_PRODUCTS_DIR; };
		04AFC8252AFDB84B004883BD /* W9_PraktikumUITests.swift */ = {isa = PBXFileReference; lastKnownFileType = sourcecode.swift; path = W9_PraktikumUITests.swift; sourceTree = "<group>"; };
		04AFC8272AFDB84B004883BD /* W9_PraktikumUITestsLaunchTests.swift */ = {isa = PBXFileReference; lastKnownFileType = sourcecode.swift; path = W9_PraktikumUITestsLaunchTests.swift; sourceTree = "<group>"; };
		04AFC8382AFDBEA1004883BD /* MTGCard.swift */ = {isa = PBXFileReference; lastKnownFileType = sourcecode.swift; path = MTGCard.swift; sourceTree = "<group>"; };
		04AFC83A2AFDBF1C004883BD /* WOT-Scryfall.json */ = {isa = PBXFileReference; fileEncoding = 4; lastKnownFileType = text.json; name = "WOT-Scryfall.json"; path = "../../../WOT-Scryfall.json"; sourceTree = "<group>"; };
		04AFC83C2AFDBF2C004883BD /* WOT-Scryfall.json */ = {isa = PBXFileReference; lastKnownFileType = text.json; path = "WOT-Scryfall.json"; sourceTree = "<group>"; };
/* End PBXFileReference section */

/* Begin PBXFrameworksBuildPhase section */
		04AFC8042AFDB849004883BD /* Frameworks */ = {
			isa = PBXFrameworksBuildPhase;
			buildActionMask = 2147483647;
			files = (
			);
			runOnlyForDeploymentPostprocessing = 0;
		};
		04AFC8142AFDB84B004883BD /* Frameworks */ = {
			isa = PBXFrameworksBuildPhase;
			buildActionMask = 2147483647;
			files = (
			);
			runOnlyForDeploymentPostprocessing = 0;
		};
		04AFC81E2AFDB84B004883BD /* Frameworks */ = {
			isa = PBXFrameworksBuildPhase;
			buildActionMask = 2147483647;
			files = (
			);
			runOnlyForDeploymentPostprocessing = 0;
		};
/* End PBXFrameworksBuildPhase section */

/* Begin PBXGroup section */
		04AFC7FE2AFDB849004883BD = {
			isa = PBXGroup;
			children = (
				04AFC83A2AFDBF1C004883BD /* WOT-Scryfall.json */,
				04AFC8092AFDB849004883BD /* W9-Praktikum */,
				04AFC81A2AFDB84B004883BD /* W9-PraktikumTests */,
				04AFC8242AFDB84B004883BD /* W9-PraktikumUITests */,
				04AFC8082AFDB849004883BD /* Products */,
			);
			sourceTree = "<group>";
		};
		04AFC8082AFDB849004883BD /* Products */ = {
			isa = PBXGroup;
			children = (
				04AFC8072AFDB849004883BD /* W9-Praktikum.app */,
				04AFC8172AFDB84B004883BD /* W9-PraktikumTests.xctest */,
				04AFC8212AFDB84B004883BD /* W9-PraktikumUITests.xctest */,
			);
			name = Products;
			sourceTree = "<group>";
		};
		04AFC8092AFDB849004883BD /* W9-Praktikum */ = {
			isa = PBXGroup;
			children = (
				04AFC80A2AFDB849004883BD /* W9_PraktikumApp.swift */,
				04AFC80C2AFDB849004883BD /* ContentView.swift */,
				04AFC8382AFDBEA1004883BD /* MTGCard.swift */,
				04AFC83C2AFDBF2C004883BD /* WOT-Scryfall.json */,
				04AFC80E2AFDB84B004883BD /* Assets.xcassets */,
				04AFC8102AFDB84B004883BD /* Preview Content */,
			);
			path = "W9-Praktikum";
			sourceTree = "<group>";
		};
		04AFC8102AFDB84B004883BD /* Preview Content */ = {
			isa = PBXGroup;
			children = (
				04AFC8112AFDB84B004883BD /* Preview Assets.xcassets */,
			);
			path = "Preview Content";
			sourceTree = "<group>";
		};
		04AFC81A2AFDB84B004883BD /* W9-PraktikumTests */ = {
			isa = PBXGroup;
			children = (
				04AFC81B2AFDB84B004883BD /* W9_PraktikumTests.swift */,
			);
			path = "W9-PraktikumTests";
			sourceTree = "<group>";
		};
		04AFC8242AFDB84B004883BD /* W9-PraktikumUITests */ = {
			isa = PBXGroup;
			children = (
				04AFC8252AFDB84B004883BD /* W9_PraktikumUITests.swift */,
				04AFC8272AFDB84B004883BD /* W9_PraktikumUITestsLaunchTests.swift */,
			);
			path = "W9-PraktikumUITests";
			sourceTree = "<group>";
		};
/* End PBXGroup section */

/* Begin PBXNativeTarget section */
		04AFC8062AFDB849004883BD /* W9-Praktikum */ = {
			isa = PBXNativeTarget;
			buildConfigurationList = 04AFC82B2AFDB84B004883BD /* Build configuration list for PBXNativeTarget "W9-Praktikum" */;
			buildPhases = (
				04AFC8032AFDB849004883BD /* Sources */,
				04AFC8042AFDB849004883BD /* Frameworks */,
				04AFC8052AFDB849004883BD /* Resources */,
			);
			buildRules = (
			);
			dependencies = (
			);
			name = "W9-Praktikum";
			productName = "W9-Praktikum";
			productReference = 04AFC8072AFDB849004883BD /* W9-Praktikum.app */;
			productType = "com.apple.product-type.application";
		};
		04AFC8162AFDB84B004883BD /* W9-PraktikumTests */ = {
			isa = PBXNativeTarget;
			buildConfigurationList = 04AFC82E2AFDB84B004883BD /* Build configuration list for PBXNativeTarget "W9-PraktikumTests" */;
			buildPhases = (
				04AFC8132AFDB84B004883BD /* Sources */,
				04AFC8142AFDB84B004883BD /* Frameworks */,
				04AFC8152AFDB84B004883BD /* Resources */,
			);
			buildRules = (
			);
			dependencies = (
				04AFC8192AFDB84B004883BD /* PBXTargetDependency */,
			);
			name = "W9-PraktikumTests";
			productName = "W9-PraktikumTests";
			productReference = 04AFC8172AFDB84B004883BD /* W9-PraktikumTests.xctest */;
			productType = "com.apple.product-type.bundle.unit-test";
		};
		04AFC8202AFDB84B004883BD /* W9-PraktikumUITests */ = {
			isa = PBXNativeTarget;
			buildConfigurationList = 04AFC8312AFDB84B004883BD /* Build configuration list for PBXNativeTarget "W9-PraktikumUITests" */;
			buildPhases = (
				04AFC81D2AFDB84B004883BD /* Sources */,
				04AFC81E2AFDB84B004883BD /* Frameworks */,
				04AFC81F2AFDB84B004883BD /* Resources */,
			);
			buildRules = (
			);
			dependencies = (
				04AFC8232AFDB84B004883BD /* PBXTargetDependency */,
			);
			name = "W9-PraktikumUITests";
			productName = "W9-PraktikumUITests";
			productReference = 04AFC8212AFDB84B004883BD /* W9-PraktikumUITests.xctest */;
			productType = "com.apple.product-type.bundle.ui-testing";
		};
/* End PBXNativeTarget section */

/* Begin PBXProject section */
		04AFC7FF2AFDB849004883BD /* Project object */ = {
			isa = PBXProject;
			attributes = {
				BuildIndependentTargetsInParallel = 1;
				LastSwiftUpdateCheck = 1500;
				LastUpgradeCheck = 1500;
				TargetAttributes = {
					04AFC8062AFDB849004883BD = {
						CreatedOnToolsVersion = 15.0;
					};
					04AFC8162AFDB84B004883BD = {
						CreatedOnToolsVersion = 15.0;
						TestTargetID = 04AFC8062AFDB849004883BD;
					};
					04AFC8202AFDB84B004883BD = {
						CreatedOnToolsVersion = 15.0;
						TestTargetID = 04AFC8062AFDB849004883BD;
					};
				};
			};
			buildConfigurationList = 04AFC8022AFDB849004883BD /* Build configuration list for PBXProject "W9-Praktikum" */;
			compatibilityVersion = "Xcode 14.0";
			developmentRegion = en;
			hasScannedForEncodings = 0;
			knownRegions = (
				en,
				Base,
			);
			mainGroup = 04AFC7FE2AFDB849004883BD;
			productRefGroup = 04AFC8082AFDB849004883BD /* Products */;
			projectDirPath = "";
			projectRoot = "";
			targets = (
				04AFC8062AFDB849004883BD /* W9-Praktikum */,
				04AFC8162AFDB84B004883BD /* W9-PraktikumTests */,
				04AFC8202AFDB84B004883BD /* W9-PraktikumUITests */,
			);
		};
/* End PBXProject section */

/* Begin PBXResourcesBuildPhase section */
		04AFC8052AFDB849004883BD /* Resources */ = {
			isa = PBXResourcesBuildPhase;
			buildActionMask = 2147483647;
			files = (
				04AFC8122AFDB84B004883BD /* Preview Assets.xcassets in Resources */,
				04AFC80F2AFDB84B004883BD /* Assets.xcassets in Resources */,
				04AFC83B2AFDBF1C004883BD /* WOT-Scryfall.json in Resources */,
			);
			runOnlyForDeploymentPostprocessing = 0;
		};
		04AFC8152AFDB84B004883BD /* Resources */ = {
			isa = PBXResourcesBuildPhase;
			buildActionMask = 2147483647;
			files = (
			);
			runOnlyForDeploymentPostprocessing = 0;
		};
		04AFC81F2AFDB84B004883BD /* Resources */ = {
			isa = PBXResourcesBuildPhase;
			buildActionMask = 2147483647;
			files = (
			);
			runOnlyForDeploymentPostprocessing = 0;
		};
/* End PBXResourcesBuildPhase section */

/* Begin PBXSourcesBuildPhase section */
		04AFC8032AFDB849004883BD /* Sources */ = {
			isa = PBXSourcesBuildPhase;
			buildActionMask = 2147483647;
			files = (
				04AFC80D2AFDB849004883BD /* ContentView.swift in Sources */,
				04AFC8392AFDBEA1004883BD /* MTGCard.swift in Sources */,
				04AFC80B2AFDB849004883BD /* W9_PraktikumApp.swift in Sources */,
			);
			runOnlyForDeploymentPostprocessing = 0;
		};
		04AFC8132AFDB84B004883BD /* Sources */ = {
			isa = PBXSourcesBuildPhase;
			buildActionMask = 2147483647;
			files = (
				04AFC81C2AFDB84B004883BD /* W9_PraktikumTests.swift in Sources */,
			);
			runOnlyForDeploymentPostprocessing = 0;
		};
		04AFC81D2AFDB84B004883BD /* Sources */ = {
			isa = PBXSourcesBuildPhase;
			buildActionMask = 2147483647;
			files = (
				04AFC8262AFDB84B004883BD /* W9_PraktikumUITests.swift in Sources */,
				04AFC8282AFDB84B004883BD /* W9_PraktikumUITestsLaunchTests.swift in Sources */,
			);
			runOnlyForDeploymentPostprocessing = 0;
		};
/* End PBXSourcesBuildPhase section */

/* Begin PBXTargetDependency section */
		04AFC8192AFDB84B004883BD /* PBXTargetDependency */ = {
			isa = PBXTargetDependency;
			target = 04AFC8062AFDB849004883BD /* W9-Praktikum */;
			targetProxy = 04AFC8182AFDB84B004883BD /* PBXContainerItemProxy */;
		};
		04AFC8232AFDB84B004883BD /* PBXTargetDependency */ = {
			isa = PBXTargetDependency;
			target = 04AFC8062AFDB849004883BD /* W9-Praktikum */;
			targetProxy = 04AFC8222AFDB84B004883BD /* PBXContainerItemProxy */;
		};
/* End PBXTargetDependency section */

/* Begin XCBuildConfiguration section */
		04AFC8292AFDB84B004883BD /* Debug */ = {
			isa = XCBuildConfiguration;
			buildSettings = {
				ALWAYS_SEARCH_USER_PATHS = NO;
				ASSETCATALOG_COMPILER_GENERATE_SWIFT_ASSET_SYMBOL_EXTENSIONS = YES;
				CLANG_ANALYZER_NONNULL = YES;
				CLANG_ANALYZER_NUMBER_OBJECT_CONVERSION = YES_AGGRESSIVE;
				CLANG_CXX_LANGUAGE_STANDARD = "gnu++20";
				CLANG_ENABLE_MODULES = YES;
				CLANG_ENABLE_OBJC_ARC = YES;
				CLANG_ENABLE_OBJC_WEAK = YES;
				CLANG_WARN_BLOCK_CAPTURE_AUTORELEASING = YES;
				CLANG_WARN_BOOL_CONVERSION = YES;
				CLANG_WARN_COMMA = YES;
				CLANG_WARN_CONSTANT_CONVERSION = YES;
				CLANG_WARN_DEPRECATED_OBJC_IMPLEMENTATIONS = YES;
				CLANG_WARN_DIRECT_OBJC_ISA_USAGE = YES_ERROR;
				CLANG_WARN_DOCUMENTATION_COMMENTS = YES;
				CLANG_WARN_EMPTY_BODY = YES;
				CLANG_WARN_ENUM_CONVERSION = YES;
				CLANG_WARN_INFINITE_RECURSION = YES;
				CLANG_WARN_INT_CONVERSION = YES;
				CLANG_WARN_NON_LITERAL_NULL_CONVERSION = YES;
				CLANG_WARN_OBJC_IMPLICIT_RETAIN_SELF = YES;
				CLANG_WARN_OBJC_LITERAL_CONVERSION = YES;
				CLANG_WARN_OBJC_ROOT_CLASS = YES_ERROR;
				CLANG_WARN_QUOTED_INCLUDE_IN_FRAMEWORK_HEADER = YES;
				CLANG_WARN_RANGE_LOOP_ANALYSIS = YES;
				CLANG_WARN_STRICT_PROTOTYPES = YES;
				CLANG_WARN_SUSPICIOUS_MOVE = YES;
				CLANG_WARN_UNGUARDED_AVAILABILITY = YES_AGGRESSIVE;
				CLANG_WARN_UNREACHABLE_CODE = YES;
				CLANG_WARN__DUPLICATE_METHOD_MATCH = YES;
				COPY_PHASE_STRIP = NO;
				DEBUG_INFORMATION_FORMAT = dwarf;
				ENABLE_STRICT_OBJC_MSGSEND = YES;
				ENABLE_TESTABILITY = YES;
				ENABLE_USER_SCRIPT_SANDBOXING = YES;
				GCC_C_LANGUAGE_STANDARD = gnu17;
				GCC_DYNAMIC_NO_PIC = NO;
				GCC_NO_COMMON_BLOCKS = YES;
				GCC_OPTIMIZATION_LEVEL = 0;
				GCC_PREPROCESSOR_DEFINITIONS = (
					"DEBUG=1",
					"$(inherited)",
				);
				GCC_WARN_64_TO_32_BIT_CONVERSION = YES;
				GCC_WARN_ABOUT_RETURN_TYPE = YES_ERROR;
				GCC_WARN_UNDECLARED_SELECTOR = YES;
				GCC_WARN_UNINITIALIZED_AUTOS = YES_AGGRESSIVE;
				GCC_WARN_UNUSED_FUNCTION = YES;
				GCC_WARN_UNUSED_VARIABLE = YES;
				IPHONEOS_DEPLOYMENT_TARGET = 17.0;
				LOCALIZATION_PREFERS_STRING_CATALOGS = YES;
				MTL_ENABLE_DEBUG_INFO = INCLUDE_SOURCE;
				MTL_FAST_MATH = YES;
				ONLY_ACTIVE_ARCH = YES;
				SDKROOT = iphoneos;
				SWIFT_ACTIVE_COMPILATION_CONDITIONS = "DEBUG $(inherited)";
				SWIFT_OPTIMIZATION_LEVEL = "-Onone";
			};
			name = Debug;
		};
		04AFC82A2AFDB84B004883BD /* Release */ = {
			isa = XCBuildConfiguration;
			buildSettings = {
				ALWAYS_SEARCH_USER_PATHS = NO;
				ASSETCATALOG_COMPILER_GENERATE_SWIFT_ASSET_SYMBOL_EXTENSIONS = YES;
				CLANG_ANALYZER_NONNULL = YES;
				CLANG_ANALYZER_NUMBER_OBJECT_CONVERSION = YES_AGGRESSIVE;
				CLANG_CXX_LANGUAGE_STANDARD = "gnu++20";
				CLANG_ENABLE_MODULES = YES;
				CLANG_ENABLE_OBJC_ARC = YES;
				CLANG_ENABLE_OBJC_WEAK = YES;
				CLANG_WARN_BLOCK_CAPTURE_AUTORELEASING = YES;
				CLANG_WARN_BOOL_CONVERSION = YES;
				CLANG_WARN_COMMA = YES;
				CLANG_WARN_CONSTANT_CONVERSION = YES;
				CLANG_WARN_DEPRECATED_OBJC_IMPLEMENTATIONS = YES;
				CLANG_WARN_DIRECT_OBJC_ISA_USAGE = YES_ERROR;
				CLANG_WARN_DOCUMENTATION_COMMENTS = YES;
				CLANG_WARN_EMPTY_BODY = YES;
				CLANG_WARN_ENUM_CONVERSION = YES;
				CLANG_WARN_INFINITE_RECURSION = YES;
				CLANG_WARN_INT_CONVERSION = YES;
				CLANG_WARN_NON_LITERAL_NULL_CONVERSION = YES;
				CLANG_WARN_OBJC_IMPLICIT_RETAIN_SELF = YES;
				CLANG_WARN_OBJC_LITERAL_CONVERSION = YES;
				CLANG_WARN_OBJC_ROOT_CLASS = YES_ERROR;
				CLANG_WARN_QUOTED_INCLUDE_IN_FRAMEWORK_HEADER = YES;
				CLANG_WARN_RANGE_LOOP_ANALYSIS = YES;
				CLANG_WARN_STRICT_PROTOTYPES = YES;
				CLANG_WARN_SUSPICIOUS_MOVE = YES;
				CLANG_WARN_UNGUARDED_AVAILABILITY = YES_AGGRESSIVE;
				CLANG_WARN_UNREACHABLE_CODE = YES;
				CLANG_WARN__DUPLICATE_METHOD_MATCH = YES;
				COPY_PHASE_STRIP = NO;
				DEBUG_INFORMATION_FORMAT = "dwarf-with-dsym";
				ENABLE_NS_ASSERTIONS = NO;
				ENABLE_STRICT_OBJC_MSGSEND = YES;
				ENABLE_USER_SCRIPT_SANDBOXING = YES;
				GCC_C_LANGUAGE_STANDARD = gnu17;
				GCC_NO_COMMON_BLOCKS = YES;
				GCC_WARN_64_TO_32_BIT_CONVERSION = YES;
				GCC_WARN_ABOUT_RETURN_TYPE = YES_ERROR;
				GCC_WARN_UNDECLARED_SELECTOR = YES;
				GCC_WARN_UNINITIALIZED_AUTOS = YES_AGGRESSIVE;
				GCC_WARN_UNUSED_FUNCTION = YES;
				GCC_WARN_UNUSED_VARIABLE = YES;
				IPHONEOS_DEPLOYMENT_TARGET = 17.0;
				LOCALIZATION_PREFERS_STRING_CATALOGS = YES;
				MTL_ENABLE_DEBUG_INFO = NO;
				MTL_FAST_MATH = YES;
				SDKROOT = iphoneos;
				SWIFT_COMPILATION_MODE = wholemodule;
				VALIDATE_PRODUCT = YES;
			};
			name = Release;
		};
		04AFC82C2AFDB84B004883BD /* Debug */ = {
			isa = XCBuildConfiguration;
			buildSettings = {
				ASSETCATALOG_COMPILER_APPICON_NAME = AppIcon;
				ASSETCATALOG_COMPILER_GLOBAL_ACCENT_COLOR_NAME = AccentColor;
				CODE_SIGN_STYLE = Automatic;
				CURRENT_PROJECT_VERSION = 1;
				DEVELOPMENT_ASSET_PATHS = "\"W9-Praktikum/Preview Content\"";
				ENABLE_PREVIEWS = YES;
				GENERATE_INFOPLIST_FILE = YES;
				INFOPLIST_KEY_UIApplicationSceneManifest_Generation = YES;
				INFOPLIST_KEY_UIApplicationSupportsIndirectInputEvents = YES;
				INFOPLIST_KEY_UILaunchScreen_Generation = YES;
				INFOPLIST_KEY_UISupportedInterfaceOrientations_iPad = "UIInterfaceOrientationPortrait UIInterfaceOrientationPortraitUpsideDown UIInterfaceOrientationLandscapeLeft UIInterfaceOrientationLandscapeRight";
				INFOPLIST_KEY_UISupportedInterfaceOrientations_iPhone = "UIInterfaceOrientationPortrait UIInterfaceOrientationLandscapeLeft UIInterfaceOrientationLandscapeRight";
				LD_RUNPATH_SEARCH_PATHS = (
					"$(inherited)",
					"@executable_path/Frameworks",
				);
				MARKETING_VERSION = 1.0;
				PRODUCT_BUNDLE_IDENTIFIER = "Jocelyn.W9-Praktikum";
				PRODUCT_NAME = "$(TARGET_NAME)";
				SWIFT_EMIT_LOC_STRINGS = YES;
				SWIFT_VERSION = 5.0;
				TARGETED_DEVICE_FAMILY = "1,2";
			};
			name = Debug;
		};
		04AFC82D2AFDB84B004883BD /* Release */ = {
			isa = XCBuildConfiguration;
			buildSettings = {
				ASSETCATALOG_COMPILER_APPICON_NAME = AppIcon;
				ASSETCATALOG_COMPILER_GLOBAL_ACCENT_COLOR_NAME = AccentColor;
				CODE_SIGN_STYLE = Automatic;
				CURRENT_PROJECT_VERSION = 1;
				DEVELOPMENT_ASSET_PATHS = "\"W9-Praktikum/Preview Content\"";
				ENABLE_PREVIEWS = YES;
				GENERATE_INFOPLIST_FILE = YES;
				INFOPLIST_KEY_UIApplicationSceneManifest_Generation = YES;
				INFOPLIST_KEY_UIApplicationSupportsIndirectInputEvents = YES;
				INFOPLIST_KEY_UILaunchScreen_Generation = YES;
				INFOPLIST_KEY_UISupportedInterfaceOrientations_iPad = "UIInterfaceOrientationPortrait UIInterfaceOrientationPortraitUpsideDown UIInterfaceOrientationLandscapeLeft UIInterfaceOrientationLandscapeRight";
				INFOPLIST_KEY_UISupportedInterfaceOrientations_iPhone = "UIInterfaceOrientationPortrait UIInterfaceOrientationLandscapeLeft UIInterfaceOrientationLandscapeRight";
				LD_RUNPATH_SEARCH_PATHS = (
					"$(inherited)",
					"@executable_path/Frameworks",
				);
				MARKETING_VERSION = 1.0;
				PRODUCT_BUNDLE_IDENTIFIER = "Jocelyn.W9-Praktikum";
				PRODUCT_NAME = "$(TARGET_NAME)";
				SWIFT_EMIT_LOC_STRINGS = YES;
				SWIFT_VERSION = 5.0;
				TARGETED_DEVICE_FAMILY = "1,2";
			};
			name = Release;
		};
		04AFC82F2AFDB84B004883BD /* Debug */ = {
			isa = XCBuildConfiguration;
			buildSettings = {
				ALWAYS_EMBED_SWIFT_STANDARD_LIBRARIES = YES;
				BUNDLE_LOADER = "$(TEST_HOST)";
				CODE_SIGN_STYLE = Automatic;
				CURRENT_PROJECT_VERSION = 1;
				GENERATE_INFOPLIST_FILE = YES;
				IPHONEOS_DEPLOYMENT_TARGET = 17.0;
				MARKETING_VERSION = 1.0;
				PRODUCT_BUNDLE_IDENTIFIER = "Jocelyn.W9-PraktikumTests";
				PRODUCT_NAME = "$(TARGET_NAME)";
				SWIFT_EMIT_LOC_STRINGS = NO;
				SWIFT_VERSION = 5.0;
				TARGETED_DEVICE_FAMILY = "1,2";
				TEST_HOST = "$(BUILT_PRODUCTS_DIR)/W9-Praktikum.app/$(BUNDLE_EXECUTABLE_FOLDER_PATH)/W9-Praktikum";
			};
			name = Debug;
		};
		04AFC8302AFDB84B004883BD /* Release */ = {
			isa = XCBuildConfiguration;
			buildSettings = {
				ALWAYS_EMBED_SWIFT_STANDARD_LIBRARIES = YES;
				BUNDLE_LOADER = "$(TEST_HOST)";
				CODE_SIGN_STYLE = Automatic;
				CURRENT_PROJECT_VERSION = 1;
				GENERATE_INFOPLIST_FILE = YES;
				IPHONEOS_DEPLOYMENT_TARGET = 17.0;
				MARKETING_VERSION = 1.0;
				PRODUCT_BUNDLE_IDENTIFIER = "Jocelyn.W9-PraktikumTests";
				PRODUCT_NAME = "$(TARGET_NAME)";
				SWIFT_EMIT_LOC_STRINGS = NO;
				SWIFT_VERSION = 5.0;
				TARGETED_DEVICE_FAMILY = "1,2";
				TEST_HOST = "$(BUILT_PRODUCTS_DIR)/W9-Praktikum.app/$(BUNDLE_EXECUTABLE_FOLDER_PATH)/W9-Praktikum";
			};
			name = Release;
		};
		04AFC8322AFDB84B004883BD /* Debug */ = {
			isa = XCBuildConfiguration;
			buildSettings = {
				ALWAYS_EMBED_SWIFT_STANDARD_LIBRARIES = YES;
				CODE_SIGN_STYLE = Automatic;
				CURRENT_PROJECT_VERSION = 1;
				GENERATE_INFOPLIST_FILE = YES;
				MARKETING_VERSION = 1.0;
				PRODUCT_BUNDLE_IDENTIFIER = "Jocelyn.W9-PraktikumUITests";
				PRODUCT_NAME = "$(TARGET_NAME)";
				SWIFT_EMIT_LOC_STRINGS = NO;
				SWIFT_VERSION = 5.0;
				TARGETED_DEVICE_FAMILY = "1,2";
				TEST_TARGET_NAME = "W9-Praktikum";
			};
			name = Debug;
		};
		04AFC8332AFDB84B004883BD /* Release */ = {
			isa = XCBuildConfiguration;
			buildSettings = {
				ALWAYS_EMBED_SWIFT_STANDARD_LIBRARIES = YES;
				CODE_SIGN_STYLE = Automatic;
				CURRENT_PROJECT_VERSION = 1;
				GENERATE_INFOPLIST_FILE = YES;
				MARKETING_VERSION = 1.0;
				PRODUCT_BUNDLE_IDENTIFIER = "Jocelyn.W9-PraktikumUITests";
				PRODUCT_NAME = "$(TARGET_NAME)";
				SWIFT_EMIT_LOC_STRINGS = NO;
				SWIFT_VERSION = 5.0;
				TARGETED_DEVICE_FAMILY = "1,2";
				TEST_TARGET_NAME = "W9-Praktikum";
			};
			name = Release;
		};
/* End XCBuildConfiguration section */

/* Begin XCConfigurationList section */
		04AFC8022AFDB849004883BD /* Build configuration list for PBXProject "W9-Praktikum" */ = {
			isa = XCConfigurationList;
			buildConfigurations = (
				04AFC8292AFDB84B004883BD /* Debug */,
				04AFC82A2AFDB84B004883BD /* Release */,
			);
			defaultConfigurationIsVisible = 0;
			defaultConfigurationName = Release;
		};
		04AFC82B2AFDB84B004883BD /* Build configuration list for PBXNativeTarget "W9-Praktikum" */ = {
			isa = XCConfigurationList;
			buildConfigurations = (
				04AFC82C2AFDB84B004883BD /* Debug */,
				04AFC82D2AFDB84B004883BD /* Release */,
			);
			defaultConfigurationIsVisible = 0;
			defaultConfigurationName = Release;
		};
		04AFC82E2AFDB84B004883BD /* Build configuration list for PBXNativeTarget "W9-PraktikumTests" */ = {
			isa = XCConfigurationList;
			buildConfigurations = (
				04AFC82F2AFDB84B004883BD /* Debug */,
				04AFC8302AFDB84B004883BD /* Release */,
			);
			defaultConfigurationIsVisible = 0;
			defaultConfigurationName = Release;
		};
		04AFC8312AFDB84B004883BD /* Build configuration list for PBXNativeTarget "W9-PraktikumUITests" */ = {
			isa = XCConfigurationList;
			buildConfigurations = (
				04AFC8322AFDB84B004883BD /* Debug */,
				04AFC8332AFDB84B004883BD /* Release */,
			);
			defaultConfigurationIsVisible = 0;
			defaultConfigurationName = Release;
		};
/* End XCConfigurationList section */
	};
	rootObject = 04AFC7FF2AFDB849004883BD /* Project object */;
}
